
Microsoft Visual Studio Solution File, Format Version 12.00
# Visual Studio Version 17
VisualStudioVersion = 17.14.36212.18
MinimumVisualStudioVersion = 10.0.40219.1
Project("{FAE04EC0-301F-11D3-BF4B-00C04F79EFBC}") = "Estudo", "Estudo\Estudo.csproj", "{F33148E4-3D91-4B45-9979-F500777EA42A}"
EndProject
Project("{FAE04EC0-301F-11D3-BF4B-00C04F79EFBC}") = "Estudo0", "Estudo0\Estudo0.csproj", "{4C79279F-399A-4A2B-A154-7232609E7C48}"
EndProject
Project("{FAE04EC0-301F-11D3-BF4B-00C04F79EFBC}") = "Estudo00", "Estudo00\Estudo00.csproj", "{ACD925E4-7230-4950-9C9B-1A104876B282}"
EndProject
Project("{FAE04EC0-301F-11D3-BF4B-00C04F79EFBC}") = "Estudo1", "Estudo1\Estudo1.csproj", "{384AC499-0BF3-4F9D-851B-2FE84566FEC4}"
EndProject
Project("{FAE04EC0-301F-11D3-BF4B-00C04F79EFBC}") = "Estudo2", "Estudo2\Estudo2.csproj", "{617427E6-C9C5-4060-B2BA-A9B5EF99E06C}"
EndProject
Project("{FAE04EC0-301F-11D3-BF4B-00C04F79EFBC}") = "Estudo3", "Estudo3\Estudo3.csproj", "{D19FABB5-574F-46C5-8AE1-73F1FADC5706}"
EndProject
Project("{FAE04EC0-301F-11D3-BF4B-00C04F79EFBC}") = "Estudo03", "Estudo03\Estudo03.csproj", "{AD19D2E8-4100-4E5F-BB11-C1A9BF656B1B}"
EndProject
Project("{FAE04EC0-301F-11D3-BF4B-00C04F79EFBC}") = "Estudo04", "Estudo04\Estudo04.csproj", "{025CAA58-DE03-489E-873C-72F981886114}"
EndProject
Project("{FAE04EC0-301F-11D3-BF4B-00C04F79EFBC}") = "Estudo4", "Estudo4\Estudo4.csproj", "{BD0BE00E-5918-4B05-93C2-1D9EAFEF5BDB}"
EndProject
Project("{FAE04EC0-301F-11D3-BF4B-00C04F79EFBC}") = "Estudo05", "Estudo05\Estudo05.csproj", "{D441607C-CE4C-4D87-89C5-5D4A33F3322B}"
EndProject
Project("{FAE04EC0-301F-11D3-BF4B-00C04F79EFBC}") = "Estudo5", "Estudo5\Estudo5.csproj", "{DEAD1964-1171-4232-BC3C-A1356889254E}"
EndProject
Project("{FAE04EC0-301F-11D3-BF4B-00C04F79EFBC}") = "Estudo06", "Estudo06\Estudo06.csproj", "{8F62C5AF-C212-4D8F-A5B3-DC40919634B4}"
EndProject
Project("{FAE04EC0-301F-11D3-BF4B-00C04F79EFBC}") = "Estudo6", "Estudo6\Estudo6.csproj", "{CEFB7D50-7F56-4CE0-B26C-EE084DA1D7E4}"
EndProject
Project("{FAE04EC0-301F-11D3-BF4B-00C04F79EFBC}") = "Estudo07", "Estudo07\Estudo07.csproj", "{881D961E-558C-4817-B456-39E5116F0410}"
EndProject
Project("{FAE04EC0-301F-11D3-BF4B-00C04F79EFBC}") = "Estudo7", "Estudo7\Estudo7.csproj", "{62FF9D4F-88A9-492C-8345-A06B8068AB9C}"
EndProject
Project("{FAE04EC0-301F-11D3-BF4B-00C04F79EFBC}") = "Estudo08", "Estudo08\Estudo08.csproj", "{98AB723C-3E96-4452-BB9B-2CB7B8D0E1CE}"
EndProject
Project("{FAE04EC0-301F-11D3-BF4B-00C04F79EFBC}") = "Estudo8", "Estudo8\Estudo8.csproj", "{951BBD9F-F5F2-49EF-A1B3-871D0DA71C30}"
EndProject
Project("{FAE04EC0-301F-11D3-BF4B-00C04F79EFBC}") = "Estudo09", "Estudo09\Estudo09.csproj", "{24CD9236-3B41-4AC7-A4B6-A3BCEB344599}"
EndProject
Project("{FAE04EC0-301F-11D3-BF4B-00C04F79EFBC}") = "Estudo9", "Estudo9\Estudo9.csproj", "{90B9B3D5-48CB-4B36-8FD2-96778BE76EDE}"
EndProject
Project("{FAE04EC0-301F-11D3-BF4B-00C04F79EFBC}") = "Estudo10", "Estudo10\Estudo10.csproj", "{BCD57407-1656-4CA1-8428-776CAD61C677}"
EndProject
Project("{FAE04EC0-301F-11D3-BF4B-00C04F79EFBC}") = "Estudo11", "Estudo11\Estudo11.csproj", "{77E6DF4D-D110-4C97-806E-B6D1C52C89FC}"
EndProject
Project("{FAE04EC0-301F-11D3-BF4B-00C04F79EFBC}") = "Estudo12", "Estudo12\Estudo12.csproj", "{9AB36414-CB66-4CDE-BDE7-184BEAB83111}"
EndProject
Project("{FAE04EC0-301F-11D3-BF4B-00C04F79EFBC}") = "Estudo13", "Estudo13\Estudo13.csproj", "{86A6E5D5-8AED-4778-98FB-7A6ED2F3B2DF}"
EndProject
Project("{FAE04EC0-301F-11D3-BF4B-00C04F79EFBC}") = "Estudo14", "Estudo14\Estudo14.csproj", "{143D9B45-93C2-4537-B1BB-613764BC3BFE}"
EndProject
Project("{FAE04EC0-301F-11D3-BF4B-00C04F79EFBC}") = "Estudo15", "Estudo15\Estudo15.csproj", "{F5B5BF5A-8197-42E6-93D9-A8BA2F45BBDC}"
EndProject
Project("{FAE04EC0-301F-11D3-BF4B-00C04F79EFBC}") = "Estudo16", "Estudo16\Estudo16.csproj", "{CC603570-6773-4C45-B0BB-4855E776B7E3}"
EndProject
Project("{FAE04EC0-301F-11D3-BF4B-00C04F79EFBC}") = "Estudo17", "Estudo17\Estudo17.csproj", "{0EC72C12-6BCB-47F6-A6DA-0433654BB826}"
EndProject
Project("{FAE04EC0-301F-11D3-BF4B-00C04F79EFBC}") = "Estudo18", "Estudo18\Estudo18.csproj", "{48F9F065-762D-4A84-B255-0CAE5160FB8C}"
EndProject
Project("{FAE04EC0-301F-11D3-BF4B-00C04F79EFBC}") = "Estudo19", "Estudo19\Estudo19.csproj", "{C25F73CD-1EA7-422E-ADAC-BE9218A95E49}"
EndProject
Project("{FAE04EC0-301F-11D3-BF4B-00C04F79EFBC}") = "Estudo20", "Estudo20\Estudo20.csproj", "{F8C13034-65F3-4DA4-B005-865927774216}"
EndProject
Project("{FAE04EC0-301F-11D3-BF4B-00C04F79EFBC}") = "Estudo21", "Estudo21\Estudo21.csproj", "{164F0BC2-5E86-4566-BECD-D53B3B984784}"
EndProject
Global
	GlobalSection(SolutionConfigurationPlatforms) = preSolution
		Debug|Any CPU = Debug|Any CPU
		Release|Any CPU = Release|Any CPU
	EndGlobalSection
	GlobalSection(ProjectConfigurationPlatforms) = postSolution
		{F33148E4-3D91-4B45-9979-F500777EA42A}.Debug|Any CPU.ActiveCfg = Debug|Any CPU
		{F33148E4-3D91-4B45-9979-F500777EA42A}.Debug|Any CPU.Build.0 = Debug|Any CPU
		{F33148E4-3D91-4B45-9979-F500777EA42A}.Release|Any CPU.ActiveCfg = Release|Any CPU
		{F33148E4-3D91-4B45-9979-F500777EA42A}.Release|Any CPU.Build.0 = Release|Any CPU
		{4C79279F-399A-4A2B-A154-7232609E7C48}.Debug|Any CPU.ActiveCfg = Debug|Any CPU
		{4C79279F-399A-4A2B-A154-7232609E7C48}.Debug|Any CPU.Build.0 = Debug|Any CPU
		{4C79279F-399A-4A2B-A154-7232609E7C48}.Release|Any CPU.ActiveCfg = Release|Any CPU
		{4C79279F-399A-4A2B-A154-7232609E7C48}.Release|Any CPU.Build.0 = Release|Any CPU
		{ACD925E4-7230-4950-9C9B-1A104876B282}.Debug|Any CPU.ActiveCfg = Debug|Any CPU
		{ACD925E4-7230-4950-9C9B-1A104876B282}.Debug|Any CPU.Build.0 = Debug|Any CPU
		{ACD925E4-7230-4950-9C9B-1A104876B282}.Release|Any CPU.ActiveCfg = Release|Any CPU
		{ACD925E4-7230-4950-9C9B-1A104876B282}.Release|Any CPU.Build.0 = Release|Any CPU
		{384AC499-0BF3-4F9D-851B-2FE84566FEC4}.Debug|Any CPU.ActiveCfg = Debug|Any CPU
		{384AC499-0BF3-4F9D-851B-2FE84566FEC4}.Debug|Any CPU.Build.0 = Debug|Any CPU
		{384AC499-0BF3-4F9D-851B-2FE84566FEC4}.Release|Any CPU.ActiveCfg = Release|Any CPU
		{384AC499-0BF3-4F9D-851B-2FE84566FEC4}.Release|Any CPU.Build.0 = Release|Any CPU
		{617427E6-C9C5-4060-B2BA-A9B5EF99E06C}.Debug|Any CPU.ActiveCfg = Debug|Any CPU
		{617427E6-C9C5-4060-B2BA-A9B5EF99E06C}.Debug|Any CPU.Build.0 = Debug|Any CPU
		{617427E6-C9C5-4060-B2BA-A9B5EF99E06C}.Release|Any CPU.ActiveCfg = Release|Any CPU
		{617427E6-C9C5-4060-B2BA-A9B5EF99E06C}.Release|Any CPU.Build.0 = Release|Any CPU
		{D19FABB5-574F-46C5-8AE1-73F1FADC5706}.Debug|Any CPU.ActiveCfg = Debug|Any CPU
		{D19FABB5-574F-46C5-8AE1-73F1FADC5706}.Debug|Any CPU.Build.0 = Debug|Any CPU
		{D19FABB5-574F-46C5-8AE1-73F1FADC5706}.Release|Any CPU.ActiveCfg = Release|Any CPU
		{D19FABB5-574F-46C5-8AE1-73F1FADC5706}.Release|Any CPU.Build.0 = Release|Any CPU
		{AD19D2E8-4100-4E5F-BB11-C1A9BF656B1B}.Debug|Any CPU.ActiveCfg = Debug|Any CPU
		{AD19D2E8-4100-4E5F-BB11-C1A9BF656B1B}.Debug|Any CPU.Build.0 = Debug|Any CPU
		{AD19D2E8-4100-4E5F-BB11-C1A9BF656B1B}.Release|Any CPU.ActiveCfg = Release|Any CPU
		{AD19D2E8-4100-4E5F-BB11-C1A9BF656B1B}.Release|Any CPU.Build.0 = Release|Any CPU
		{025CAA58-DE03-489E-873C-72F981886114}.Debug|Any CPU.ActiveCfg = Debug|Any CPU
		{025CAA58-DE03-489E-873C-72F981886114}.Debug|Any CPU.Build.0 = Debug|Any CPU
		{025CAA58-DE03-489E-873C-72F981886114}.Release|Any CPU.ActiveCfg = Release|Any CPU
		{025CAA58-DE03-489E-873C-72F981886114}.Release|Any CPU.Build.0 = Release|Any CPU
		{BD0BE00E-5918-4B05-93C2-1D9EAFEF5BDB}.Debug|Any CPU.ActiveCfg = Debug|Any CPU
		{BD0BE00E-5918-4B05-93C2-1D9EAFEF5BDB}.Debug|Any CPU.Build.0 = Debug|Any CPU
		{BD0BE00E-5918-4B05-93C2-1D9EAFEF5BDB}.Release|Any CPU.ActiveCfg = Release|Any CPU
		{BD0BE00E-5918-4B05-93C2-1D9EAFEF5BDB}.Release|Any CPU.Build.0 = Release|Any CPU
		{D441607C-CE4C-4D87-89C5-5D4A33F3322B}.Debug|Any CPU.ActiveCfg = Debug|Any CPU
		{D441607C-CE4C-4D87-89C5-5D4A33F3322B}.Debug|Any CPU.Build.0 = Debug|Any CPU
		{D441607C-CE4C-4D87-89C5-5D4A33F3322B}.Release|Any CPU.ActiveCfg = Release|Any CPU
		{D441607C-CE4C-4D87-89C5-5D4A33F3322B}.Release|Any CPU.Build.0 = Release|Any CPU
		{DEAD1964-1171-4232-BC3C-A1356889254E}.Debug|Any CPU.ActiveCfg = Debug|Any CPU
		{DEAD1964-1171-4232-BC3C-A1356889254E}.Debug|Any CPU.Build.0 = Debug|Any CPU
		{DEAD1964-1171-4232-BC3C-A1356889254E}.Release|Any CPU.ActiveCfg = Release|Any CPU
		{DEAD1964-1171-4232-BC3C-A1356889254E}.Release|Any CPU.Build.0 = Release|Any CPU
		{8F62C5AF-C212-4D8F-A5B3-DC40919634B4}.Debug|Any CPU.ActiveCfg = Debug|Any CPU
		{8F62C5AF-C212-4D8F-A5B3-DC40919634B4}.Debug|Any CPU.Build.0 = Debug|Any CPU
		{8F62C5AF-C212-4D8F-A5B3-DC40919634B4}.Release|Any CPU.ActiveCfg = Release|Any CPU
		{8F62C5AF-C212-4D8F-A5B3-DC40919634B4}.Release|Any CPU.Build.0 = Release|Any CPU
		{CEFB7D50-7F56-4CE0-B26C-EE084DA1D7E4}.Debug|Any CPU.ActiveCfg = Debug|Any CPU
		{CEFB7D50-7F56-4CE0-B26C-EE084DA1D7E4}.Debug|Any CPU.Build.0 = Debug|Any CPU
		{CEFB7D50-7F56-4CE0-B26C-EE084DA1D7E4}.Release|Any CPU.ActiveCfg = Release|Any CPU
		{CEFB7D50-7F56-4CE0-B26C-EE084DA1D7E4}.Release|Any CPU.Build.0 = Release|Any CPU
		{881D961E-558C-4817-B456-39E5116F0410}.Debug|Any CPU.ActiveCfg = Debug|Any CPU
		{881D961E-558C-4817-B456-39E5116F0410}.Debug|Any CPU.Build.0 = Debug|Any CPU
		{881D961E-558C-4817-B456-39E5116F0410}.Release|Any CPU.ActiveCfg = Release|Any CPU
		{881D961E-558C-4817-B456-39E5116F0410}.Release|Any CPU.Build.0 = Release|Any CPU
		{62FF9D4F-88A9-492C-8345-A06B8068AB9C}.Debug|Any CPU.ActiveCfg = Debug|Any CPU
		{62FF9D4F-88A9-492C-8345-A06B8068AB9C}.Debug|Any CPU.Build.0 = Debug|Any CPU
		{62FF9D4F-88A9-492C-8345-A06B8068AB9C}.Release|Any CPU.ActiveCfg = Release|Any CPU
		{62FF9D4F-88A9-492C-8345-A06B8068AB9C}.Release|Any CPU.Build.0 = Release|Any CPU
		{98AB723C-3E96-4452-BB9B-2CB7B8D0E1CE}.Debug|Any CPU.ActiveCfg = Debug|Any CPU
		{98AB723C-3E96-4452-BB9B-2CB7B8D0E1CE}.Debug|Any CPU.Build.0 = Debug|Any CPU
		{98AB723C-3E96-4452-BB9B-2CB7B8D0E1CE}.Release|Any CPU.ActiveCfg = Release|Any CPU
		{98AB723C-3E96-4452-BB9B-2CB7B8D0E1CE}.Release|Any CPU.Build.0 = Release|Any CPU
		{951BBD9F-F5F2-49EF-A1B3-871D0DA71C30}.Debug|Any CPU.ActiveCfg = Debug|Any CPU
		{951BBD9F-F5F2-49EF-A1B3-871D0DA71C30}.Debug|Any CPU.Build.0 = Debug|Any CPU
		{951BBD9F-F5F2-49EF-A1B3-871D0DA71C30}.Release|Any CPU.ActiveCfg = Release|Any CPU
		{951BBD9F-F5F2-49EF-A1B3-871D0DA71C30}.Release|Any CPU.Build.0 = Release|Any CPU
		{24CD9236-3B41-4AC7-A4B6-A3BCEB344599}.Debug|Any CPU.ActiveCfg = Debug|Any CPU
		{24CD9236-3B41-4AC7-A4B6-A3BCEB344599}.Debug|Any CPU.Build.0 = Debug|Any CPU
		{24CD9236-3B41-4AC7-A4B6-A3BCEB344599}.Release|Any CPU.ActiveCfg = Release|Any CPU
		{24CD9236-3B41-4AC7-A4B6-A3BCEB344599}.Release|Any CPU.Build.0 = Release|Any CPU
		{90B9B3D5-48CB-4B36-8FD2-96778BE76EDE}.Debug|Any CPU.ActiveCfg = Debug|Any CPU
		{90B9B3D5-48CB-4B36-8FD2-96778BE76EDE}.Debug|Any CPU.Build.0 = Debug|Any CPU
		{90B9B3D5-48CB-4B36-8FD2-96778BE76EDE}.Release|Any CPU.ActiveCfg = Release|Any CPU
		{90B9B3D5-48CB-4B36-8FD2-96778BE76EDE}.Release|Any CPU.Build.0 = Release|Any CPU
		{BCD57407-1656-4CA1-8428-776CAD61C677}.Debug|Any CPU.ActiveCfg = Debug|Any CPU
		{BCD57407-1656-4CA1-8428-776CAD61C677}.Debug|Any CPU.Build.0 = Debug|Any CPU
		{BCD57407-1656-4CA1-8428-776CAD61C677}.Release|Any CPU.ActiveCfg = Release|Any CPU
		{BCD57407-1656-4CA1-8428-776CAD61C677}.Release|Any CPU.Build.0 = Release|Any CPU
		{77E6DF4D-D110-4C97-806E-B6D1C52C89FC}.Debug|Any CPU.ActiveCfg = Debug|Any CPU
		{77E6DF4D-D110-4C97-806E-B6D1C52C89FC}.Debug|Any CPU.Build.0 = Debug|Any CPU
		{77E6DF4D-D110-4C97-806E-B6D1C52C89FC}.Release|Any CPU.ActiveCfg = Release|Any CPU
		{77E6DF4D-D110-4C97-806E-B6D1C52C89FC}.Release|Any CPU.Build.0 = Release|Any CPU
		{9AB36414-CB66-4CDE-BDE7-184BEAB83111}.Debug|Any CPU.ActiveCfg = Debug|Any CPU
		{9AB36414-CB66-4CDE-BDE7-184BEAB83111}.Debug|Any CPU.Build.0 = Debug|Any CPU
		{9AB36414-CB66-4CDE-BDE7-184BEAB83111}.Release|Any CPU.ActiveCfg = Release|Any CPU
		{9AB36414-CB66-4CDE-BDE7-184BEAB83111}.Release|Any CPU.Build.0 = Release|Any CPU
		{86A6E5D5-8AED-4778-98FB-7A6ED2F3B2DF}.Debug|Any CPU.ActiveCfg = Debug|Any CPU
		{86A6E5D5-8AED-4778-98FB-7A6ED2F3B2DF}.Debug|Any CPU.Build.0 = Debug|Any CPU
		{86A6E5D5-8AED-4778-98FB-7A6ED2F3B2DF}.Release|Any CPU.ActiveCfg = Release|Any CPU
		{86A6E5D5-8AED-4778-98FB-7A6ED2F3B2DF}.Release|Any CPU.Build.0 = Release|Any CPU
		{143D9B45-93C2-4537-B1BB-613764BC3BFE}.Debug|Any CPU.ActiveCfg = Debug|Any CPU
		{143D9B45-93C2-4537-B1BB-613764BC3BFE}.Debug|Any CPU.Build.0 = Debug|Any CPU
		{143D9B45-93C2-4537-B1BB-613764BC3BFE}.Release|Any CPU.ActiveCfg = Release|Any CPU
		{143D9B45-93C2-4537-B1BB-613764BC3BFE}.Release|Any CPU.Build.0 = Release|Any CPU
		{F5B5BF5A-8197-42E6-93D9-A8BA2F45BBDC}.Debug|Any CPU.ActiveCfg = Debug|Any CPU
		{F5B5BF5A-8197-42E6-93D9-A8BA2F45BBDC}.Debug|Any CPU.Build.0 = Debug|Any CPU
		{F5B5BF5A-8197-42E6-93D9-A8BA2F45BBDC}.Release|Any CPU.ActiveCfg = Release|Any CPU
		{F5B5BF5A-8197-42E6-93D9-A8BA2F45BBDC}.Release|Any CPU.Build.0 = Release|Any CPU
		{CC603570-6773-4C45-B0BB-4855E776B7E3}.Debug|Any CPU.ActiveCfg = Debug|Any CPU
		{CC603570-6773-4C45-B0BB-4855E776B7E3}.Debug|Any CPU.Build.0 = Debug|Any CPU
		{CC603570-6773-4C45-B0BB-4855E776B7E3}.Release|Any CPU.ActiveCfg = Release|Any CPU
		{CC603570-6773-4C45-B0BB-4855E776B7E3}.Release|Any CPU.Build.0 = Release|Any CPU
		{0EC72C12-6BCB-47F6-A6DA-0433654BB826}.Debug|Any CPU.ActiveCfg = Debug|Any CPU
		{0EC72C12-6BCB-47F6-A6DA-0433654BB826}.Debug|Any CPU.Build.0 = Debug|Any CPU
		{0EC72C12-6BCB-47F6-A6DA-0433654BB826}.Release|Any CPU.ActiveCfg = Release|Any CPU
		{0EC72C12-6BCB-47F6-A6DA-0433654BB826}.Release|Any CPU.Build.0 = Release|Any CPU
		{48F9F065-762D-4A84-B255-0CAE5160FB8C}.Debug|Any CPU.ActiveCfg = Debug|Any CPU
		{48F9F065-762D-4A84-B255-0CAE5160FB8C}.Debug|Any CPU.Build.0 = Debug|Any CPU
		{48F9F065-762D-4A84-B255-0CAE5160FB8C}.Release|Any CPU.ActiveCfg = Release|Any CPU
		{48F9F065-762D-4A84-B255-0CAE5160FB8C}.Release|Any CPU.Build.0 = Release|Any CPU
		{C25F73CD-1EA7-422E-ADAC-BE9218A95E49}.Debug|Any CPU.ActiveCfg = Debug|Any CPU
		{C25F73CD-1EA7-422E-ADAC-BE9218A95E49}.Debug|Any CPU.Build.0 = Debug|Any CPU
		{C25F73CD-1EA7-422E-ADAC-BE9218A95E49}.Release|Any CPU.ActiveCfg = Release|Any CPU
		{C25F73CD-1EA7-422E-ADAC-BE9218A95E49}.Release|Any CPU.Build.0 = Release|Any CPU
		{F8C13034-65F3-4DA4-B005-865927774216}.Debug|Any CPU.ActiveCfg = Debug|Any CPU
		{F8C13034-65F3-4DA4-B005-865927774216}.Debug|Any CPU.Build.0 = Debug|Any CPU
		{F8C13034-65F3-4DA4-B005-865927774216}.Release|Any CPU.ActiveCfg = Release|Any CPU
		{F8C13034-65F3-4DA4-B005-865927774216}.Release|Any CPU.Build.0 = Release|Any CPU
		{164F0BC2-5E86-4566-BECD-D53B3B984784}.Debug|Any CPU.ActiveCfg = Debug|Any CPU
		{164F0BC2-5E86-4566-BECD-D53B3B984784}.Debug|Any CPU.Build.0 = Debug|Any CPU
		{164F0BC2-5E86-4566-BECD-D53B3B984784}.Release|Any CPU.ActiveCfg = Release|Any CPU
		{164F0BC2-5E86-4566-BECD-D53B3B984784}.Release|Any CPU.Build.0 = Release|Any CPU
	EndGlobalSection
	GlobalSection(SolutionProperties) = preSolution
		HideSolutionNode = FALSE
	EndGlobalSection
	GlobalSection(ExtensibilityGlobals) = postSolution
		SolutionGuid = {55ED8159-42B0-49FB-A1BC-F2EF2AB64B59}
	EndGlobalSection
EndGlobal
